
Microsoft Visual Studio Solution File, Format Version 12.00
Project("{FAE04EC0-301F-11D3-BF4B-00C04F79EFBC}") = "ProducerService", "ProducerService\ProducerService.csproj", "{6E599FFD-0792-4416-B5B0-F4B966839AC3}"
EndProject
Project("{FAE04EC0-301F-11D3-BF4B-00C04F79EFBC}") = "ConsumerServicce", "ConsumerServicce\ConsumerServicce.csproj", "{621D83DD-44D7-4318-9230-CBE681DCF68D}"
EndProject
Global
	GlobalSection(SolutionConfigurationPlatforms) = preSolution
		Debug|Any CPU = Debug|Any CPU
		Release|Any CPU = Release|Any CPU
	EndGlobalSection
	GlobalSection(ProjectConfigurationPlatforms) = postSolution
		{6E599FFD-0792-4416-B5B0-F4B966839AC3}.Debug|Any CPU.ActiveCfg = Debug|Any CPU
		{6E599FFD-0792-4416-B5B0-F4B966839AC3}.Debug|Any CPU.Build.0 = Debug|Any CPU
		{6E599FFD-0792-4416-B5B0-F4B966839AC3}.Release|Any CPU.ActiveCfg = Release|Any CPU
		{6E599FFD-0792-4416-B5B0-F4B966839AC3}.Release|Any CPU.Build.0 = Release|Any CPU
		{621D83DD-44D7-4318-9230-CBE681DCF68D}.Debug|Any CPU.ActiveCfg = Debug|Any CPU
		{621D83DD-44D7-4318-9230-CBE681DCF68D}.Debug|Any CPU.Build.0 = Debug|Any CPU
		{621D83DD-44D7-4318-9230-CBE681DCF68D}.Release|Any CPU.ActiveCfg = Release|Any CPU
		{621D83DD-44D7-4318-9230-CBE681DCF68D}.Release|Any CPU.Build.0 = Release|Any CPU
	EndGlobalSection
EndGlobal
